
Microsoft Visual Studio Solution File, Format Version 12.00
# Visual Studio Version 17
VisualStudioVersion = 17.1.32210.238
MinimumVisualStudioVersion = 10.0.40219.1
Project("{FAE04EC0-301F-11D3-BF4B-00C04F79EFBC}") = "FindFrequency", "FindFrequency\FindFrequency.csproj", "{C8378B78-ADB2-4028-AC3F-A15FF8F75C37}"
EndProject
Global
	GlobalSection(SolutionConfigurationPlatforms) = preSolution
		Debug|Any CPU = Debug|Any CPU
		Release|Any CPU = Release|Any CPU
	EndGlobalSection
	GlobalSection(ProjectConfigurationPlatforms) = postSolution
		{C8378B78-ADB2-4028-AC3F-A15FF8F75C37}.Debug|Any CPU.ActiveCfg = Debug|Any CPU
		{C8378B78-ADB2-4028-AC3F-A15FF8F75C37}.Debug|Any CPU.Build.0 = Debug|Any CPU
		{C8378B78-ADB2-4028-AC3F-A15FF8F75C37}.Release|Any CPU.ActiveCfg = Release|Any CPU
		{C8378B78-ADB2-4028-AC3F-A15FF8F75C37}.Release|Any CPU.Build.0 = Release|Any CPU
	EndGlobalSection
	GlobalSection(SolutionProperties) = preSolution
		HideSolutionNode = FALSE
	EndGlobalSection
	GlobalSection(ExtensibilityGlobals) = postSolution
		SolutionGuid = {8BA25523-DB8A-40FF-9188-93D1FB66DA5E}
	EndGlobalSection
EndGlobal
